// !$*UTF8*$!
{
	archiveVersion = 1;
	classes = {
	};
	objectVersion = 52;
	objects = {

/* Begin PBXBuildFile section */
		221A4E2E2555A8EE00643FCD /* Assets.xcassets in Resources */ = {isa = PBXBuildFile; fileRef = 221A4E2D2555A8EE00643FCD /* Assets.xcassets */; };
		221A4E312555A8EE00643FCD /* Preview Assets.xcassets in Resources */ = {isa = PBXBuildFile; fileRef = 221A4E302555A8EE00643FCD /* Preview Assets.xcassets */; };
		221A4E342555A8EE00643FCD /* LaunchScreen.storyboard in Resources */ = {isa = PBXBuildFile; fileRef = 221A4E322555A8EE00643FCD /* LaunchScreen.storyboard */; };
		221A4E3F2555A8EE00643FCD /* pumpkinTests.swift in Sources */ = {isa = PBXBuildFile; fileRef = 221A4E3E2555A8EE00643FCD /* pumpkinTests.swift */; };
		221A4E4A2555A8EE00643FCD /* pumpkinUITests.swift in Sources */ = {isa = PBXBuildFile; fileRef = 221A4E492555A8EE00643FCD /* pumpkinUITests.swift */; };
		221A4E612555AAC800643FCD /* ComposableArchitecture in Frameworks */ = {isa = PBXBuildFile; productRef = 221A4E602555AAC800643FCD /* ComposableArchitecture */; };
		221A4E722555ABE400643FCD /* AppState.swift in Sources */ = {isa = PBXBuildFile; fileRef = 221A4E6B2555ABE400643FCD /* AppState.swift */; };
		221A4E742555ABE400643FCD /* SceneDelegate.swift in Sources */ = {isa = PBXBuildFile; fileRef = 221A4E6D2555ABE400643FCD /* SceneDelegate.swift */; };
		221A4E752555ABE400643FCD /* Login.swift in Sources */ = {isa = PBXBuildFile; fileRef = 221A4E6F2555ABE400643FCD /* Login.swift */; };
		221A4E772555ABE400643FCD /* AuthenticationClient.swift in Sources */ = {isa = PBXBuildFile; fileRef = 221A4E712555ABE400643FCD /* AuthenticationClient.swift */; };
		221A4E872555B73200643FCD /* Home.swift in Sources */ = {isa = PBXBuildFile; fileRef = 221A4E862555B73200643FCD /* Home.swift */; };
		221A4E8C2555D8A300643FCD /* Details.swift in Sources */ = {isa = PBXBuildFile; fileRef = 221A4E8B2555D8A300643FCD /* Details.swift */; };
		223256BF255B787A006BA48C /* ActivityIndicator.swift in Sources */ = {isa = PBXBuildFile; fileRef = 223256BE255B787A006BA48C /* ActivityIndicator.swift */; };
/* End PBXBuildFile section */

/* Begin PBXContainerItemProxy section */
		221A4E3B2555A8EE00643FCD /* PBXContainerItemProxy */ = {
			isa = PBXContainerItemProxy;
			containerPortal = 221A4E1C2555A8ED00643FCD /* Project object */;
			proxyType = 1;
			remoteGlobalIDString = 221A4E232555A8ED00643FCD;
			remoteInfo = pumpkin;
		};
		221A4E462555A8EE00643FCD /* PBXContainerItemProxy */ = {
			isa = PBXContainerItemProxy;
			containerPortal = 221A4E1C2555A8ED00643FCD /* Project object */;
			proxyType = 1;
			remoteGlobalIDString = 221A4E232555A8ED00643FCD;
			remoteInfo = pumpkin;
		};
/* End PBXContainerItemProxy section */

/* Begin PBXFileReference section */
		221A4E242555A8ED00643FCD /* pumpkin.app */ = {isa = PBXFileReference; explicitFileType = wrapper.application; includeInIndex = 0; path = pumpkin.app; sourceTree = BUILT_PRODUCTS_DIR; };
		221A4E2D2555A8EE00643FCD /* Assets.xcassets */ = {isa = PBXFileReference; lastKnownFileType = folder.assetcatalog; path = Assets.xcassets; sourceTree = "<group>"; };
		221A4E302555A8EE00643FCD /* Preview Assets.xcassets */ = {isa = PBXFileReference; lastKnownFileType = folder.assetcatalog; path = "Preview Assets.xcassets"; sourceTree = "<group>"; };
		221A4E332555A8EE00643FCD /* Base */ = {isa = PBXFileReference; lastKnownFileType = file.storyboard; name = Base; path = Base.lproj/LaunchScreen.storyboard; sourceTree = "<group>"; };
		221A4E352555A8EE00643FCD /* Info.plist */ = {isa = PBXFileReference; lastKnownFileType = text.plist.xml; path = Info.plist; sourceTree = "<group>"; };
		221A4E3A2555A8EE00643FCD /* pumpkinTests.xctest */ = {isa = PBXFileReference; explicitFileType = wrapper.cfbundle; includeInIndex = 0; path = pumpkinTests.xctest; sourceTree = BUILT_PRODUCTS_DIR; };
		221A4E3E2555A8EE00643FCD /* pumpkinTests.swift */ = {isa = PBXFileReference; lastKnownFileType = sourcecode.swift; path = pumpkinTests.swift; sourceTree = "<group>"; };
		221A4E402555A8EE00643FCD /* Info.plist */ = {isa = PBXFileReference; lastKnownFileType = text.plist.xml; path = Info.plist; sourceTree = "<group>"; };
		221A4E452555A8EE00643FCD /* pumpkinUITests.xctest */ = {isa = PBXFileReference; explicitFileType = wrapper.cfbundle; includeInIndex = 0; path = pumpkinUITests.xctest; sourceTree = BUILT_PRODUCTS_DIR; };
		221A4E492555A8EE00643FCD /* pumpkinUITests.swift */ = {isa = PBXFileReference; lastKnownFileType = sourcecode.swift; path = pumpkinUITests.swift; sourceTree = "<group>"; };
		221A4E4B2555A8EE00643FCD /* Info.plist */ = {isa = PBXFileReference; lastKnownFileType = text.plist.xml; path = Info.plist; sourceTree = "<group>"; };
		221A4E6B2555ABE400643FCD /* AppState.swift */ = {isa = PBXFileReference; fileEncoding = 4; lastKnownFileType = sourcecode.swift; path = AppState.swift; sourceTree = "<group>"; };
		221A4E6D2555ABE400643FCD /* SceneDelegate.swift */ = {isa = PBXFileReference; fileEncoding = 4; lastKnownFileType = sourcecode.swift; path = SceneDelegate.swift; sourceTree = "<group>"; };
		221A4E6F2555ABE400643FCD /* Login.swift */ = {isa = PBXFileReference; fileEncoding = 4; lastKnownFileType = sourcecode.swift; path = Login.swift; sourceTree = "<group>"; };
		221A4E712555ABE400643FCD /* AuthenticationClient.swift */ = {isa = PBXFileReference; fileEncoding = 4; lastKnownFileType = sourcecode.swift; path = AuthenticationClient.swift; sourceTree = "<group>"; };
		221A4E862555B73200643FCD /* Home.swift */ = {isa = PBXFileReference; lastKnownFileType = sourcecode.swift; path = Home.swift; sourceTree = "<group>"; };
		221A4E8B2555D8A300643FCD /* Details.swift */ = {isa = PBXFileReference; lastKnownFileType = sourcecode.swift; path = Details.swift; sourceTree = "<group>"; };
		223256BE255B787A006BA48C /* ActivityIndicator.swift */ = {isa = PBXFileReference; lastKnownFileType = sourcecode.swift; path = ActivityIndicator.swift; sourceTree = "<group>"; };
/* End PBXFileReference section */

/* Begin PBXFrameworksBuildPhase section */
		221A4E212555A8ED00643FCD /* Frameworks */ = {
			isa = PBXFrameworksBuildPhase;
			buildActionMask = 2147483647;
			files = (
				221A4E612555AAC800643FCD /* ComposableArchitecture in Frameworks */,
			);
			runOnlyForDeploymentPostprocessing = 0;
		};
		221A4E372555A8EE00643FCD /* Frameworks */ = {
			isa = PBXFrameworksBuildPhase;
			buildActionMask = 2147483647;
			files = (
			);
			runOnlyForDeploymentPostprocessing = 0;
		};
		221A4E422555A8EE00643FCD /* Frameworks */ = {
			isa = PBXFrameworksBuildPhase;
			buildActionMask = 2147483647;
			files = (
			);
			runOnlyForDeploymentPostprocessing = 0;
		};
/* End PBXFrameworksBuildPhase section */

/* Begin PBXGroup section */
		221A4E1B2555A8ED00643FCD = {
			isa = PBXGroup;
			children = (
				221A4E262555A8ED00643FCD /* pumpkin */,
				221A4E3D2555A8EE00643FCD /* pumpkinTests */,
				221A4E482555A8EE00643FCD /* pumpkinUITests */,
				221A4E252555A8ED00643FCD /* Products */,
			);
			sourceTree = "<group>";
		};
		221A4E252555A8ED00643FCD /* Products */ = {
			isa = PBXGroup;
			children = (
				221A4E242555A8ED00643FCD /* pumpkin.app */,
				221A4E3A2555A8EE00643FCD /* pumpkinTests.xctest */,
				221A4E452555A8EE00643FCD /* pumpkinUITests.xctest */,
			);
			name = Products;
			sourceTree = "<group>";
		};
		221A4E262555A8ED00643FCD /* pumpkin */ = {
			isa = PBXGroup;
			children = (
				221A4E882555B7BD00643FCD /* Content */,
				221A4E6E2555ABE400643FCD /* Onboarding */,
				221A4E6A2555ABE400643FCD /* Root */,
				221A4E2D2555A8EE00643FCD /* Assets.xcassets */,
				221A4E322555A8EE00643FCD /* LaunchScreen.storyboard */,
				221A4E352555A8EE00643FCD /* Info.plist */,
				221A4E2F2555A8EE00643FCD /* Preview Content */,
			);
			path = pumpkin;
			sourceTree = "<group>";
		};
		221A4E2F2555A8EE00643FCD /* Preview Content */ = {
			isa = PBXGroup;
			children = (
				221A4E302555A8EE00643FCD /* Preview Assets.xcassets */,
			);
			path = "Preview Content";
			sourceTree = "<group>";
		};
		221A4E3D2555A8EE00643FCD /* pumpkinTests */ = {
			isa = PBXGroup;
			children = (
				221A4E3E2555A8EE00643FCD /* pumpkinTests.swift */,
				221A4E402555A8EE00643FCD /* Info.plist */,
			);
			path = pumpkinTests;
			sourceTree = "<group>";
		};
		221A4E482555A8EE00643FCD /* pumpkinUITests */ = {
			isa = PBXGroup;
			children = (
				221A4E492555A8EE00643FCD /* pumpkinUITests.swift */,
				221A4E4B2555A8EE00643FCD /* Info.plist */,
			);
			path = pumpkinUITests;
			sourceTree = "<group>";
		};
		221A4E6A2555ABE400643FCD /* Root */ = {
			isa = PBXGroup;
			children = (
				221A4E6B2555ABE400643FCD /* AppState.swift */,
				221A4E6D2555ABE400643FCD /* SceneDelegate.swift */,
			);
			path = Root;
			sourceTree = "<group>";
		};
		221A4E6E2555ABE400643FCD /* Onboarding */ = {
			isa = PBXGroup;
			children = (
				221A4E6F2555ABE400643FCD /* Login.swift */,
				221A4E712555ABE400643FCD /* AuthenticationClient.swift */,
			);
			path = Onboarding;
			sourceTree = "<group>";
		};
		221A4E882555B7BD00643FCD /* Content */ = {
			isa = PBXGroup;
			children = (
				221A4E862555B73200643FCD /* Home.swift */,
				221A4E8B2555D8A300643FCD /* Details.swift */,
				223256BE255B787A006BA48C /* ActivityIndicator.swift */,
			);
			path = Content;
			sourceTree = "<group>";
		};
/* End PBXGroup section */

/* Begin PBXNativeTarget section */
		221A4E232555A8ED00643FCD /* pumpkin */ = {
			isa = PBXNativeTarget;
			buildConfigurationList = 221A4E4E2555A8EE00643FCD /* Build configuration list for PBXNativeTarget "pumpkin" */;
			buildPhases = (
				221A4E202555A8ED00643FCD /* Sources */,
				221A4E212555A8ED00643FCD /* Frameworks */,
				221A4E222555A8ED00643FCD /* Resources */,
			);
			buildRules = (
			);
			dependencies = (
			);
			name = pumpkin;
			packageProductDependencies = (
				221A4E602555AAC800643FCD /* ComposableArchitecture */,
			);
			productName = pumpkin;
			productReference = 221A4E242555A8ED00643FCD /* pumpkin.app */;
			productType = "com.apple.product-type.application";
		};
		221A4E392555A8EE00643FCD /* pumpkinTests */ = {
			isa = PBXNativeTarget;
			buildConfigurationList = 221A4E512555A8EE00643FCD /* Build configuration list for PBXNativeTarget "pumpkinTests" */;
			buildPhases = (
				221A4E362555A8EE00643FCD /* Sources */,
				221A4E372555A8EE00643FCD /* Frameworks */,
				221A4E382555A8EE00643FCD /* Resources */,
			);
			buildRules = (
			);
			dependencies = (
				221A4E3C2555A8EE00643FCD /* PBXTargetDependency */,
			);
			name = pumpkinTests;
			productName = pumpkinTests;
			productReference = 221A4E3A2555A8EE00643FCD /* pumpkinTests.xctest */;
			productType = "com.apple.product-type.bundle.unit-test";
		};
		221A4E442555A8EE00643FCD /* pumpkinUITests */ = {
			isa = PBXNativeTarget;
			buildConfigurationList = 221A4E542555A8EE00643FCD /* Build configuration list for PBXNativeTarget "pumpkinUITests" */;
			buildPhases = (
				221A4E412555A8EE00643FCD /* Sources */,
				221A4E422555A8EE00643FCD /* Frameworks */,
				221A4E432555A8EE00643FCD /* Resources */,
			);
			buildRules = (
			);
			dependencies = (
				221A4E472555A8EE00643FCD /* PBXTargetDependency */,
			);
			name = pumpkinUITests;
			productName = pumpkinUITests;
			productReference = 221A4E452555A8EE00643FCD /* pumpkinUITests.xctest */;
			productType = "com.apple.product-type.bundle.ui-testing";
		};
/* End PBXNativeTarget section */

/* Begin PBXProject section */
		221A4E1C2555A8ED00643FCD /* Project object */ = {
			isa = PBXProject;
			attributes = {
				LastSwiftUpdateCheck = 1140;
				LastUpgradeCheck = 1140;
				ORGANIZATIONNAME = "Barnett, Olivia";
				TargetAttributes = {
					221A4E232555A8ED00643FCD = {
						CreatedOnToolsVersion = 11.4;
					};
					221A4E392555A8EE00643FCD = {
						CreatedOnToolsVersion = 11.4;
						TestTargetID = 221A4E232555A8ED00643FCD;
					};
					221A4E442555A8EE00643FCD = {
						CreatedOnToolsVersion = 11.4;
						TestTargetID = 221A4E232555A8ED00643FCD;
					};
				};
			};
			buildConfigurationList = 221A4E1F2555A8ED00643FCD /* Build configuration list for PBXProject "pumpkin" */;
			compatibilityVersion = "Xcode 9.3";
			developmentRegion = en;
			hasScannedForEncodings = 0;
			knownRegions = (
				en,
				Base,
			);
			mainGroup = 221A4E1B2555A8ED00643FCD;
			packageReferences = (
				221A4E5F2555AAC800643FCD /* XCRemoteSwiftPackageReference "swift-composable-architecture" */,
			);
			productRefGroup = 221A4E252555A8ED00643FCD /* Products */;
			projectDirPath = "";
			projectRoot = "";
			targets = (
				221A4E232555A8ED00643FCD /* pumpkin */,
				221A4E392555A8EE00643FCD /* pumpkinTests */,
				221A4E442555A8EE00643FCD /* pumpkinUITests */,
			);
		};
/* End PBXProject section */

/* Begin PBXResourcesBuildPhase section */
		221A4E222555A8ED00643FCD /* Resources */ = {
			isa = PBXResourcesBuildPhase;
			buildActionMask = 2147483647;
			files = (
				221A4E342555A8EE00643FCD /* LaunchScreen.storyboard in Resources */,
				221A4E312555A8EE00643FCD /* Preview Assets.xcassets in Resources */,
				221A4E2E2555A8EE00643FCD /* Assets.xcassets in Resources */,
			);
			runOnlyForDeploymentPostprocessing = 0;
		};
		221A4E382555A8EE00643FCD /* Resources */ = {
			isa = PBXResourcesBuildPhase;
			buildActionMask = 2147483647;
			files = (
			);
			runOnlyForDeploymentPostprocessing = 0;
		};
		221A4E432555A8EE00643FCD /* Resources */ = {
			isa = PBXResourcesBuildPhase;
			buildActionMask = 2147483647;
			files = (
			);
			runOnlyForDeploymentPostprocessing = 0;
		};
/* End PBXResourcesBuildPhase section */

/* Begin PBXSourcesBuildPhase section */
		221A4E202555A8ED00643FCD /* Sources */ = {
			isa = PBXSourcesBuildPhase;
			buildActionMask = 2147483647;
			files = (
				221A4E772555ABE400643FCD /* AuthenticationClient.swift in Sources */,
				221A4E872555B73200643FCD /* Home.swift in Sources */,
				221A4E8C2555D8A300643FCD /* Details.swift in Sources */,
				223256BF255B787A006BA48C /* ActivityIndicator.swift in Sources */,
				221A4E722555ABE400643FCD /* AppState.swift in Sources */,
				221A4E752555ABE400643FCD /* Login.swift in Sources */,
				221A4E742555ABE400643FCD /* SceneDelegate.swift in Sources */,
			);
			runOnlyForDeploymentPostprocessing = 0;
		};
		221A4E362555A8EE00643FCD /* Sources */ = {
			isa = PBXSourcesBuildPhase;
			buildActionMask = 2147483647;
			files = (
				221A4E3F2555A8EE00643FCD /* pumpkinTests.swift in Sources */,
			);
			runOnlyForDeploymentPostprocessing = 0;
		};
		221A4E412555A8EE00643FCD /* Sources */ = {
			isa = PBXSourcesBuildPhase;
			buildActionMask = 2147483647;
			files = (
				221A4E4A2555A8EE00643FCD /* pumpkinUITests.swift in Sources */,
			);
			runOnlyForDeploymentPostprocessing = 0;
		};
/* End PBXSourcesBuildPhase section */

/* Begin PBXTargetDependency section */
		221A4E3C2555A8EE00643FCD /* PBXTargetDependency */ = {
			isa = PBXTargetDependency;
			target = 221A4E232555A8ED00643FCD /* pumpkin */;
			targetProxy = 221A4E3B2555A8EE00643FCD /* PBXContainerItemProxy */;
		};
		221A4E472555A8EE00643FCD /* PBXTargetDependency */ = {
			isa = PBXTargetDependency;
			target = 221A4E232555A8ED00643FCD /* pumpkin */;
			targetProxy = 221A4E462555A8EE00643FCD /* PBXContainerItemProxy */;
		};
/* End PBXTargetDependency section */

/* Begin PBXVariantGroup section */
		221A4E322555A8EE00643FCD /* LaunchScreen.storyboard */ = {
			isa = PBXVariantGroup;
			children = (
				221A4E332555A8EE00643FCD /* Base */,
			);
			name = LaunchScreen.storyboard;
			sourceTree = "<group>";
		};
/* End PBXVariantGroup section */

/* Begin XCBuildConfiguration section */
		221A4E4C2555A8EE00643FCD /* Debug */ = {
			isa = XCBuildConfiguration;
			buildSettings = {
				ALWAYS_SEARCH_USER_PATHS = NO;
				CLANG_ANALYZER_NONNULL = YES;
				CLANG_ANALYZER_NUMBER_OBJECT_CONVERSION = YES_AGGRESSIVE;
				CLANG_CXX_LANGUAGE_STANDARD = "gnu++14";
				CLANG_CXX_LIBRARY = "libc++";
				CLANG_ENABLE_MODULES = YES;
				CLANG_ENABLE_OBJC_ARC = YES;
				CLANG_ENABLE_OBJC_WEAK = YES;
				CLANG_WARN_BLOCK_CAPTURE_AUTORELEASING = YES;
				CLANG_WARN_BOOL_CONVERSION = YES;
				CLANG_WARN_COMMA = YES;
				CLANG_WARN_CONSTANT_CONVERSION = YES;
				CLANG_WARN_DEPRECATED_OBJC_IMPLEMENTATIONS = YES;
				CLANG_WARN_DIRECT_OBJC_ISA_USAGE = YES_ERROR;
				CLANG_WARN_DOCUMENTATION_COMMENTS = YES;
				CLANG_WARN_EMPTY_BODY = YES;
				CLANG_WARN_ENUM_CONVERSION = YES;
				CLANG_WARN_INFINITE_RECURSION = YES;
				CLANG_WARN_INT_CONVERSION = YES;
				CLANG_WARN_NON_LITERAL_NULL_CONVERSION = YES;
				CLANG_WARN_OBJC_IMPLICIT_RETAIN_SELF = YES;
				CLANG_WARN_OBJC_LITERAL_CONVERSION = YES;
				CLANG_WARN_OBJC_ROOT_CLASS = YES_ERROR;
				CLANG_WARN_RANGE_LOOP_ANALYSIS = YES;
				CLANG_WARN_STRICT_PROTOTYPES = YES;
				CLANG_WARN_SUSPICIOUS_MOVE = YES;
				CLANG_WARN_UNGUARDED_AVAILABILITY = YES_AGGRESSIVE;
				CLANG_WARN_UNREACHABLE_CODE = YES;
				CLANG_WARN__DUPLICATE_METHOD_MATCH = YES;
				COPY_PHASE_STRIP = NO;
				DEBUG_INFORMATION_FORMAT = dwarf;
				ENABLE_STRICT_OBJC_MSGSEND = YES;
				ENABLE_TESTABILITY = YES;
				GCC_C_LANGUAGE_STANDARD = gnu11;
				GCC_DYNAMIC_NO_PIC = NO;
				GCC_NO_COMMON_BLOCKS = YES;
				GCC_OPTIMIZATION_LEVEL = 0;
				GCC_PREPROCESSOR_DEFINITIONS = (
					"DEBUG=1",
					"$(inherited)",
				);
				GCC_WARN_64_TO_32_BIT_CONVERSION = YES;
				GCC_WARN_ABOUT_RETURN_TYPE = YES_ERROR;
				GCC_WARN_UNDECLARED_SELECTOR = YES;
				GCC_WARN_UNINITIALIZED_AUTOS = YES_AGGRESSIVE;
				GCC_WARN_UNUSED_FUNCTION = YES;
				GCC_WARN_UNUSED_VARIABLE = YES;
				IPHONEOS_DEPLOYMENT_TARGET = 13.4;
				MTL_ENABLE_DEBUG_INFO = INCLUDE_SOURCE;
				MTL_FAST_MATH = YES;
				ONLY_ACTIVE_ARCH = YES;
				SDKROOT = iphoneos;
				SWIFT_ACTIVE_COMPILATION_CONDITIONS = DEBUG;
				SWIFT_OPTIMIZATION_LEVEL = "-Onone";
			};
			name = Debug;
		};
		221A4E4D2555A8EE00643FCD /* Release */ = {
			isa = XCBuildConfiguration;
			buildSettings = {
				ALWAYS_SEARCH_USER_PATHS = NO;
				CLANG_ANALYZER_NONNULL = YES;
				CLANG_ANALYZER_NUMBER_OBJECT_CONVERSION = YES_AGGRESSIVE;
				CLANG_CXX_LANGUAGE_STANDARD = "gnu++14";
				CLANG_CXX_LIBRARY = "libc++";
				CLANG_ENABLE_MODULES = YES;
				CLANG_ENABLE_OBJC_ARC = YES;
				CLANG_ENABLE_OBJC_WEAK = YES;
				CLANG_WARN_BLOCK_CAPTURE_AUTORELEASING = YES;
				CLANG_WARN_BOOL_CONVERSION = YES;
				CLANG_WARN_COMMA = YES;
				CLANG_WARN_CONSTANT_CONVERSION = YES;
				CLANG_WARN_DEPRECATED_OBJC_IMPLEMENTATIONS = YES;
				CLANG_WARN_DIRECT_OBJC_ISA_USAGE = YES_ERROR;
				CLANG_WARN_DOCUMENTATION_COMMENTS = YES;
				CLANG_WARN_EMPTY_BODY = YES;
				CLANG_WARN_ENUM_CONVERSION = YES;
				CLANG_WARN_INFINITE_RECURSION = YES;
				CLANG_WARN_INT_CONVERSION = YES;
				CLANG_WARN_NON_LITERAL_NULL_CONVERSION = YES;
				CLANG_WARN_OBJC_IMPLICIT_RETAIN_SELF = YES;
				CLANG_WARN_OBJC_LITERAL_CONVERSION = YES;
				CLANG_WARN_OBJC_ROOT_CLASS = YES_ERROR;
				CLANG_WARN_RANGE_LOOP_ANALYSIS = YES;
				CLANG_WARN_STRICT_PROTOTYPES = YES;
				CLANG_WARN_SUSPICIOUS_MOVE = YES;
				CLANG_WARN_UNGUARDED_AVAILABILITY = YES_AGGRESSIVE;
				CLANG_WARN_UNREACHABLE_CODE = YES;
				CLANG_WARN__DUPLICATE_METHOD_MATCH = YES;
				COPY_PHASE_STRIP = NO;
				DEBUG_INFORMATION_FORMAT = "dwarf-with-dsym";
				ENABLE_NS_ASSERTIONS = NO;
				ENABLE_STRICT_OBJC_MSGSEND = YES;
				GCC_C_LANGUAGE_STANDARD = gnu11;
				GCC_NO_COMMON_BLOCKS = YES;
				GCC_WARN_64_TO_32_BIT_CONVERSION = YES;
				GCC_WARN_ABOUT_RETURN_TYPE = YES_ERROR;
				GCC_WARN_UNDECLARED_SELECTOR = YES;
				GCC_WARN_UNINITIALIZED_AUTOS = YES_AGGRESSIVE;
				GCC_WARN_UNUSED_FUNCTION = YES;
				GCC_WARN_UNUSED_VARIABLE = YES;
				IPHONEOS_DEPLOYMENT_TARGET = 13.4;
				MTL_ENABLE_DEBUG_INFO = NO;
				MTL_FAST_MATH = YES;
				SDKROOT = iphoneos;
				SWIFT_COMPILATION_MODE = wholemodule;
				SWIFT_OPTIMIZATION_LEVEL = "-O";
				VALIDATE_PRODUCT = YES;
			};
			name = Release;
		};
		221A4E4F2555A8EE00643FCD /* Debug */ = {
			isa = XCBuildConfiguration;
			buildSettings = {
				ASSETCATALOG_COMPILER_APPICON_NAME = AppIcon;
				CODE_SIGN_STYLE = Automatic;
				DEVELOPMENT_ASSET_PATHS = "\"pumpkin/Preview Content\"";
				DEVELOPMENT_TEAM = 7WYB7XW95S;
				ENABLE_PREVIEWS = YES;
				INFOPLIST_FILE = pumpkin/Info.plist;
				LD_RUNPATH_SEARCH_PATHS = (
					"$(inherited)",
					"@executable_path/Frameworks",
				);
				PRODUCT_BUNDLE_IDENTIFIER = com.smartdeco.pumpkin;
				PRODUCT_NAME = "$(TARGET_NAME)";
				SWIFT_VERSION = 5.0;
				TARGETED_DEVICE_FAMILY = "1,2";
			};
			name = Debug;
		};
		221A4E502555A8EE00643FCD /* Release */ = {
			isa = XCBuildConfiguration;
			buildSettings = {
				ASSETCATALOG_COMPILER_APPICON_NAME = AppIcon;
				CODE_SIGN_STYLE = Automatic;
				DEVELOPMENT_ASSET_PATHS = "\"pumpkin/Preview Content\"";
				DEVELOPMENT_TEAM = 7WYB7XW95S;
				ENABLE_PREVIEWS = YES;
				INFOPLIST_FILE = pumpkin/Info.plist;
				LD_RUNPATH_SEARCH_PATHS = (
					"$(inherited)",
					"@executable_path/Frameworks",
				);
				PRODUCT_BUNDLE_IDENTIFIER = com.smartdeco.pumpkin;
				PRODUCT_NAME = "$(TARGET_NAME)";
				SWIFT_VERSION = 5.0;
				TARGETED_DEVICE_FAMILY = "1,2";
			};
			name = Release;
		};
		221A4E522555A8EE00643FCD /* Debug */ = {
			isa = XCBuildConfiguration;
			buildSettings = {
				ALWAYS_EMBED_SWIFT_STANDARD_LIBRARIES = YES;
				BUNDLE_LOADER = "$(TEST_HOST)";
				CODE_SIGN_STYLE = Automatic;
				DEVELOPMENT_TEAM = 7WYB7XW95S;
				INFOPLIST_FILE = pumpkinTests/Info.plist;
				IPHONEOS_DEPLOYMENT_TARGET = 13.4;
				LD_RUNPATH_SEARCH_PATHS = (
					"$(inherited)",
					"@executable_path/Frameworks",
					"@loader_path/Frameworks",
				);
				PRODUCT_BUNDLE_IDENTIFIER = com.smartdeco.pumpkinTests;
				PRODUCT_NAME = "$(TARGET_NAME)";
				SWIFT_VERSION = 5.0;
				TARGETED_DEVICE_FAMILY = "1,2";
				TEST_HOST = "$(BUILT_PRODUCTS_DIR)/pumpkin.app/pumpkin";
			};
			name = Debug;
		};
		221A4E532555A8EE00643FCD /* Release */ = {
			isa = XCBuildConfiguration;
			buildSettings = {
				ALWAYS_EMBED_SWIFT_STANDARD_LIBRARIES = YES;
				BUNDLE_LOADER = "$(TEST_HOST)";
				CODE_SIGN_STYLE = Automatic;
				DEVELOPMENT_TEAM = 7WYB7XW95S;
				INFOPLIST_FILE = pumpkinTests/Info.plist;
				IPHONEOS_DEPLOYMENT_TARGET = 13.4;
				LD_RUNPATH_SEARCH_PATHS = (
					"$(inherited)",
					"@executable_path/Frameworks",
					"@loader_path/Frameworks",
				);
				PRODUCT_BUNDLE_IDENTIFIER = com.smartdeco.pumpkinTests;
				PRODUCT_NAME = "$(TARGET_NAME)";
				SWIFT_VERSION = 5.0;
				TARGETED_DEVICE_FAMILY = "1,2";
				TEST_HOST = "$(BUILT_PRODUCTS_DIR)/pumpkin.app/pumpkin";
			};
			name = Release;
		};
		221A4E552555A8EE00643FCD /* Debug */ = {
			isa = XCBuildConfiguration;
			buildSettings = {
				ALWAYS_EMBED_SWIFT_STANDARD_LIBRARIES = YES;
				CODE_SIGN_STYLE = Automatic;
				DEVELOPMENT_TEAM = 7WYB7XW95S;
				INFOPLIST_FILE = pumpkinUITests/Info.plist;
				LD_RUNPATH_SEARCH_PATHS = (
					"$(inherited)",
					"@executable_path/Frameworks",
					"@loader_path/Frameworks",
				);
				PRODUCT_BUNDLE_IDENTIFIER = com.smartdeco.pumpkinUITests;
				PRODUCT_NAME = "$(TARGET_NAME)";
				SWIFT_VERSION = 5.0;
				TARGETED_DEVICE_FAMILY = "1,2";
				TEST_TARGET_NAME = pumpkin;
			};
			name = Debug;
		};
		221A4E562555A8EE00643FCD /* Release */ = {
			isa = XCBuildConfiguration;
			buildSettings = {
				ALWAYS_EMBED_SWIFT_STANDARD_LIBRARIES = YES;
				CODE_SIGN_STYLE = Automatic;
				DEVELOPMENT_TEAM = 7WYB7XW95S;
				INFOPLIST_FILE = pumpkinUITests/Info.plist;
				LD_RUNPATH_SEARCH_PATHS = (
					"$(inherited)",
					"@executable_path/Frameworks",
					"@loader_path/Frameworks",
				);
				PRODUCT_BUNDLE_IDENTIFIER = com.smartdeco.pumpkinUITests;
				PRODUCT_NAME = "$(TARGET_NAME)";
				SWIFT_VERSION = 5.0;
				TARGETED_DEVICE_FAMILY = "1,2";
				TEST_TARGET_NAME = pumpkin;
			};
			name = Release;
		};
/* End XCBuildConfiguration section */

/* Begin XCConfigurationList section */
		221A4E1F2555A8ED00643FCD /* Build configuration list for PBXProject "pumpkin" */ = {
			isa = XCConfigurationList;
			buildConfigurations = (
				221A4E4C2555A8EE00643FCD /* Debug */,
				221A4E4D2555A8EE00643FCD /* Release */,
			);
			defaultConfigurationIsVisible = 0;
			defaultConfigurationName = Release;
		};
		221A4E4E2555A8EE00643FCD /* Build configuration list for PBXNativeTarget "pumpkin" */ = {
			isa = XCConfigurationList;
			buildConfigurations = (
				221A4E4F2555A8EE00643FCD /* Debug */,
				221A4E502555A8EE00643FCD /* Release */,
			);
			defaultConfigurationIsVisible = 0;
			defaultConfigurationName = Release;
		};
		221A4E512555A8EE00643FCD /* Build configuration list for PBXNativeTarget "pumpkinTests" */ = {
			isa = XCConfigurationList;
			buildConfigurations = (
				221A4E522555A8EE00643FCD /* Debug */,
				221A4E532555A8EE00643FCD /* Release */,
			);
			defaultConfigurationIsVisible = 0;
			defaultConfigurationName = Release;
		};
		221A4E542555A8EE00643FCD /* Build configuration list for PBXNativeTarget "pumpkinUITests" */ = {
			isa = XCConfigurationList;
			buildConfigurations = (
				221A4E552555A8EE00643FCD /* Debug */,
				221A4E562555A8EE00643FCD /* Release */,
			);
			defaultConfigurationIsVisible = 0;
			defaultConfigurationName = Release;
		};
/* End XCConfigurationList section */

/* Begin XCRemoteSwiftPackageReference section */
		221A4E5F2555AAC800643FCD /* XCRemoteSwiftPackageReference "swift-composable-architecture" */ = {
			isa = XCRemoteSwiftPackageReference;
			repositoryURL = "https://github.com/pointfreeco/swift-composable-architecture";
			requirement = {
				kind = upToNextMajorVersion;
				minimumVersion = 0.9.0;
			};
		};
/* End XCRemoteSwiftPackageReference section */

/* Begin XCSwiftPackageProductDependency section */
		221A4E602555AAC800643FCD /* ComposableArchitecture */ = {
			isa = XCSwiftPackageProductDependency;
			package = 221A4E5F2555AAC800643FCD /* XCRemoteSwiftPackageReference "swift-composable-architecture" */;
			productName = ComposableArchitecture;
		};
/* End XCSwiftPackageProductDependency section */
	};
	rootObject = 221A4E1C2555A8ED00643FCD /* Project object */;
}
